
Microsoft Visual Studio Solution File, Format Version 12.00
# Visual Studio 15
VisualStudioVersion = 15.0.28010.2036
MinimumVisualStudioVersion = 10.0.40219.1
Project("{FAE04EC0-301F-11D3-BF4B-00C04F79EFBC}") = "Aplicacion_Simulador_Consola", "Aplicacion_Simulador_Consola\Aplicacion_Simulador_Consola.csproj", "{8C77C4C0-0400-4A80-8D4A-D6A7C7DF05B6}"
EndProject
Global
	GlobalSection(SolutionConfigurationPlatforms) = preSolution
		Debug|Any CPU = Debug|Any CPU
		Release|Any CPU = Release|Any CPU
	EndGlobalSection
	GlobalSection(ProjectConfigurationPlatforms) = postSolution
		{8C77C4C0-0400-4A80-8D4A-D6A7C7DF05B6}.Debug|Any CPU.ActiveCfg = Debug|Any CPU
		{8C77C4C0-0400-4A80-8D4A-D6A7C7DF05B6}.Debug|Any CPU.Build.0 = Debug|Any CPU
		{8C77C4C0-0400-4A80-8D4A-D6A7C7DF05B6}.Release|Any CPU.ActiveCfg = Release|Any CPU
		{8C77C4C0-0400-4A80-8D4A-D6A7C7DF05B6}.Release|Any CPU.Build.0 = Release|Any CPU
	EndGlobalSection
	GlobalSection(SolutionProperties) = preSolution
		HideSolutionNode = FALSE
	EndGlobalSection
	GlobalSection(ExtensibilityGlobals) = postSolution
		SolutionGuid = {CAC8C330-BB61-4A72-B264-8E61751EBB44}
	EndGlobalSection
EndGlobal
